{
  "pins" : [
    {
      "identity" : "compatibility",
      "kind" : "remoteSourceControl",
      "location" : "https://github.com/kudit/Compatibility",
      "state" : {
        "revision" : "dc5abe420809788276607c1fe72c9c85e6843f75",
        "version" : "1.0.0"
      }
    }
  ],
  "version" : 2
}
