{
  "pins" : [
    {
      "identity" : "compatibility",
      "kind" : "remoteSourceControl",
      "location" : "https://github.com/kudit/Compatibility",
      "state" : {
        "revision" : "db6b8a9a54f6cda98c7d3fde4f7f621f2e66e4c4",
        "version" : "1.7.0"
      }
    }
  ],
  "version" : 2
}
