{
  "pins" : [
    {
      "identity" : "compatibility",
      "kind" : "remoteSourceControl",
      "location" : "https://github.com/kudit/Compatibility",
      "state" : {
        "revision" : "ac27ac9f46c1df8c4c12ff6b204f7c8661b8d05b",
        "version" : "1.6.0"
      }
    }
  ],
  "version" : 2
}
