{
  "pins" : [
    {
      "identity" : "compatibility",
      "kind" : "remoteSourceControl",
      "location" : "https://github.com/kudit/Compatibility",
      "state" : {
        "revision" : "4784c132e7a1b21406a98d89038f3ac512bc02c8",
        "version" : "1.11.9"
      }
    }
  ],
  "version" : 2
}
