{
  "pins" : [
    {
      "identity" : "compatibility",
      "kind" : "remoteSourceControl",
      "location" : "https://github.com/kudit/Compatibility",
      "state" : {
        "revision" : "726850a9e475f87648e91b07363b799235d031a7",
        "version" : "1.4.1"
      }
    }
  ],
  "version" : 2
}
